// !$*UTF8*$!
{
	archiveVersion = 1;
	classes = {
	};
	objectVersion = 55;
	objects = {

/* Begin PBXBuildFile section */
		665C5CC828BD33790040C614 /* DetailViewController.swift in Sources */ = {isa = PBXBuildFile; fileRef = 665C5CC728BD33790040C614 /* DetailViewController.swift */; };
		668DAA3928BCEE560002F288 /* AppDelegate.swift in Sources */ = {isa = PBXBuildFile; fileRef = 668DAA3828BCEE560002F288 /* AppDelegate.swift */; };
		668DAA3B28BCEE560002F288 /* SceneDelegate.swift in Sources */ = {isa = PBXBuildFile; fileRef = 668DAA3A28BCEE560002F288 /* SceneDelegate.swift */; };
		668DAA3D28BCEE560002F288 /* ViewController.swift in Sources */ = {isa = PBXBuildFile; fileRef = 668DAA3C28BCEE560002F288 /* ViewController.swift */; };
		668DAA4028BCEE560002F288 /* Main.storyboard in Resources */ = {isa = PBXBuildFile; fileRef = 668DAA3E28BCEE560002F288 /* Main.storyboard */; };
		668DAA4228BCEE5A0002F288 /* Assets.xcassets in Resources */ = {isa = PBXBuildFile; fileRef = 668DAA4128BCEE5A0002F288 /* Assets.xcassets */; };
		668DAA4528BCEE5A0002F288 /* LaunchScreen.storyboard in Resources */ = {isa = PBXBuildFile; fileRef = 668DAA4328BCEE5A0002F288 /* LaunchScreen.storyboard */; };
		668DAA5028BCEE5A0002F288 /* DicodingAppsTests.swift in Sources */ = {isa = PBXBuildFile; fileRef = 668DAA4F28BCEE5A0002F288 /* DicodingAppsTests.swift */; };
		668DAA5A28BCEE5A0002F288 /* DicodingAppsUITests.swift in Sources */ = {isa = PBXBuildFile; fileRef = 668DAA5928BCEE5A0002F288 /* DicodingAppsUITests.swift */; };
		668DAA5C28BCEE5A0002F288 /* DicodingAppsUITestsLaunchTests.swift in Sources */ = {isa = PBXBuildFile; fileRef = 668DAA5B28BCEE5A0002F288 /* DicodingAppsUITestsLaunchTests.swift */; };
		668DAA6928BCEF270002F288 /* AcademyModel.swift in Sources */ = {isa = PBXBuildFile; fileRef = 668DAA6828BCEF270002F288 /* AcademyModel.swift */; };
		668DAA7228BCF1600002F288 /* AcademyTableViewCell.swift in Sources */ = {isa = PBXBuildFile; fileRef = 668DAA7028BCF1600002F288 /* AcademyTableViewCell.swift */; };
		668DAA7328BCF1600002F288 /* AcademyTableViewCell.xib in Resources */ = {isa = PBXBuildFile; fileRef = 668DAA7128BCF1600002F288 /* AcademyTableViewCell.xib */; };
/* End PBXBuildFile section */

/* Begin PBXContainerItemProxy section */
		668DAA4C28BCEE5A0002F288 /* PBXContainerItemProxy */ = {
			isa = PBXContainerItemProxy;
			containerPortal = 668DAA2D28BCEE560002F288 /* Project object */;
			proxyType = 1;
			remoteGlobalIDString = 668DAA3428BCEE560002F288;
			remoteInfo = DicodingApps;
		};
		668DAA5628BCEE5A0002F288 /* PBXContainerItemProxy */ = {
			isa = PBXContainerItemProxy;
			containerPortal = 668DAA2D28BCEE560002F288 /* Project object */;
			proxyType = 1;
			remoteGlobalIDString = 668DAA3428BCEE560002F288;
			remoteInfo = DicodingApps;
		};
/* End PBXContainerItemProxy section */

/* Begin PBXFileReference section */
		665C5CC728BD33790040C614 /* DetailViewController.swift */ = {isa = PBXFileReference; lastKnownFileType = sourcecode.swift; path = DetailViewController.swift; sourceTree = "<group>"; };
		668DAA3528BCEE560002F288 /* DicodingApps.app */ = {isa = PBXFileReference; explicitFileType = wrapper.application; includeInIndex = 0; path = DicodingApps.app; sourceTree = BUILT_PRODUCTS_DIR; };
		668DAA3828BCEE560002F288 /* AppDelegate.swift */ = {isa = PBXFileReference; lastKnownFileType = sourcecode.swift; path = AppDelegate.swift; sourceTree = "<group>"; };
		668DAA3A28BCEE560002F288 /* SceneDelegate.swift */ = {isa = PBXFileReference; lastKnownFileType = sourcecode.swift; path = SceneDelegate.swift; sourceTree = "<group>"; };
		668DAA3C28BCEE560002F288 /* ViewController.swift */ = {isa = PBXFileReference; lastKnownFileType = sourcecode.swift; path = ViewController.swift; sourceTree = "<group>"; };
		668DAA3F28BCEE560002F288 /* Base */ = {isa = PBXFileReference; lastKnownFileType = file.storyboard; name = Base; path = Base.lproj/Main.storyboard; sourceTree = "<group>"; };
		668DAA4128BCEE5A0002F288 /* Assets.xcassets */ = {isa = PBXFileReference; lastKnownFileType = folder.assetcatalog; path = Assets.xcassets; sourceTree = "<group>"; };
		668DAA4428BCEE5A0002F288 /* Base */ = {isa = PBXFileReference; lastKnownFileType = file.storyboard; name = Base; path = Base.lproj/LaunchScreen.storyboard; sourceTree = "<group>"; };
		668DAA4628BCEE5A0002F288 /* Info.plist */ = {isa = PBXFileReference; lastKnownFileType = text.plist.xml; path = Info.plist; sourceTree = "<group>"; };
		668DAA4B28BCEE5A0002F288 /* DicodingAppsTests.xctest */ = {isa = PBXFileReference; explicitFileType = wrapper.cfbundle; includeInIndex = 0; path = DicodingAppsTests.xctest; sourceTree = BUILT_PRODUCTS_DIR; };
		668DAA4F28BCEE5A0002F288 /* DicodingAppsTests.swift */ = {isa = PBXFileReference; lastKnownFileType = sourcecode.swift; path = DicodingAppsTests.swift; sourceTree = "<group>"; };
		668DAA5528BCEE5A0002F288 /* DicodingAppsUITests.xctest */ = {isa = PBXFileReference; explicitFileType = wrapper.cfbundle; includeInIndex = 0; path = DicodingAppsUITests.xctest; sourceTree = BUILT_PRODUCTS_DIR; };
		668DAA5928BCEE5A0002F288 /* DicodingAppsUITests.swift */ = {isa = PBXFileReference; lastKnownFileType = sourcecode.swift; path = DicodingAppsUITests.swift; sourceTree = "<group>"; };
		668DAA5B28BCEE5A0002F288 /* DicodingAppsUITestsLaunchTests.swift */ = {isa = PBXFileReference; lastKnownFileType = sourcecode.swift; path = DicodingAppsUITestsLaunchTests.swift; sourceTree = "<group>"; };
		668DAA6828BCEF270002F288 /* AcademyModel.swift */ = {isa = PBXFileReference; lastKnownFileType = sourcecode.swift; path = AcademyModel.swift; sourceTree = "<group>"; };
		668DAA7028BCF1600002F288 /* AcademyTableViewCell.swift */ = {isa = PBXFileReference; lastKnownFileType = sourcecode.swift; path = AcademyTableViewCell.swift; sourceTree = "<group>"; };
		668DAA7128BCF1600002F288 /* AcademyTableViewCell.xib */ = {isa = PBXFileReference; lastKnownFileType = file.xib; path = AcademyTableViewCell.xib; sourceTree = "<group>"; };
/* End PBXFileReference section */

/* Begin PBXFrameworksBuildPhase section */
		668DAA3228BCEE560002F288 /* Frameworks */ = {
			isa = PBXFrameworksBuildPhase;
			buildActionMask = 2147483647;
			files = (
			);
			runOnlyForDeploymentPostprocessing = 0;
		};
		668DAA4828BCEE5A0002F288 /* Frameworks */ = {
			isa = PBXFrameworksBuildPhase;
			buildActionMask = 2147483647;
			files = (
			);
			runOnlyForDeploymentPostprocessing = 0;
		};
		668DAA5228BCEE5A0002F288 /* Frameworks */ = {
			isa = PBXFrameworksBuildPhase;
			buildActionMask = 2147483647;
			files = (
			);
			runOnlyForDeploymentPostprocessing = 0;
		};
/* End PBXFrameworksBuildPhase section */

/* Begin PBXGroup section */
		668DAA2C28BCEE560002F288 = {
			isa = PBXGroup;
			children = (
				668DAA3728BCEE560002F288 /* DicodingApps */,
				668DAA4E28BCEE5A0002F288 /* DicodingAppsTests */,
				668DAA5828BCEE5A0002F288 /* DicodingAppsUITests */,
				668DAA3628BCEE560002F288 /* Products */,
			);
			sourceTree = "<group>";
		};
		668DAA3628BCEE560002F288 /* Products */ = {
			isa = PBXGroup;
			children = (
				668DAA3528BCEE560002F288 /* DicodingApps.app */,
				668DAA4B28BCEE5A0002F288 /* DicodingAppsTests.xctest */,
				668DAA5528BCEE5A0002F288 /* DicodingAppsUITests.xctest */,
			);
			name = Products;
			sourceTree = "<group>";
		};
		668DAA3728BCEE560002F288 /* DicodingApps */ = {
			isa = PBXGroup;
			children = (
				668DAA3828BCEE560002F288 /* AppDelegate.swift */,
				668DAA3A28BCEE560002F288 /* SceneDelegate.swift */,
				668DAA3C28BCEE560002F288 /* ViewController.swift */,
				668DAA3E28BCEE560002F288 /* Main.storyboard */,
				668DAA4128BCEE5A0002F288 /* Assets.xcassets */,
				668DAA4328BCEE5A0002F288 /* LaunchScreen.storyboard */,
				668DAA4628BCEE5A0002F288 /* Info.plist */,
				668DAA6828BCEF270002F288 /* AcademyModel.swift */,
				668DAA7028BCF1600002F288 /* AcademyTableViewCell.swift */,
				668DAA7128BCF1600002F288 /* AcademyTableViewCell.xib */,
				665C5CC728BD33790040C614 /* DetailViewController.swift */,
			);
			path = DicodingApps;
			sourceTree = "<group>";
		};
		668DAA4E28BCEE5A0002F288 /* DicodingAppsTests */ = {
			isa = PBXGroup;
			children = (
				668DAA4F28BCEE5A0002F288 /* DicodingAppsTests.swift */,
			);
			path = DicodingAppsTests;
			sourceTree = "<group>";
		};
		668DAA5828BCEE5A0002F288 /* DicodingAppsUITests */ = {
			isa = PBXGroup;
			children = (
				668DAA5928BCEE5A0002F288 /* DicodingAppsUITests.swift */,
				668DAA5B28BCEE5A0002F288 /* DicodingAppsUITestsLaunchTests.swift */,
			);
			path = DicodingAppsUITests;
			sourceTree = "<group>";
		};
/* End PBXGroup section */

/* Begin PBXNativeTarget section */
		668DAA3428BCEE560002F288 /* DicodingApps */ = {
			isa = PBXNativeTarget;
			buildConfigurationList = 668DAA5F28BCEE5A0002F288 /* Build configuration list for PBXNativeTarget "DicodingApps" */;
			buildPhases = (
				668DAA3128BCEE560002F288 /* Sources */,
				668DAA3228BCEE560002F288 /* Frameworks */,
				668DAA3328BCEE560002F288 /* Resources */,
			);
			buildRules = (
			);
			dependencies = (
			);
			name = DicodingApps;
			productName = DicodingApps;
			productReference = 668DAA3528BCEE560002F288 /* DicodingApps.app */;
			productType = "com.apple.product-type.application";
		};
		668DAA4A28BCEE5A0002F288 /* DicodingAppsTests */ = {
			isa = PBXNativeTarget;
			buildConfigurationList = 668DAA6228BCEE5A0002F288 /* Build configuration list for PBXNativeTarget "DicodingAppsTests" */;
			buildPhases = (
				668DAA4728BCEE5A0002F288 /* Sources */,
				668DAA4828BCEE5A0002F288 /* Frameworks */,
				668DAA4928BCEE5A0002F288 /* Resources */,
			);
			buildRules = (
			);
			dependencies = (
				668DAA4D28BCEE5A0002F288 /* PBXTargetDependency */,
			);
			name = DicodingAppsTests;
			productName = DicodingAppsTests;
			productReference = 668DAA4B28BCEE5A0002F288 /* DicodingAppsTests.xctest */;
			productType = "com.apple.product-type.bundle.unit-test";
		};
		668DAA5428BCEE5A0002F288 /* DicodingAppsUITests */ = {
			isa = PBXNativeTarget;
			buildConfigurationList = 668DAA6528BCEE5A0002F288 /* Build configuration list for PBXNativeTarget "DicodingAppsUITests" */;
			buildPhases = (
				668DAA5128BCEE5A0002F288 /* Sources */,
				668DAA5228BCEE5A0002F288 /* Frameworks */,
				668DAA5328BCEE5A0002F288 /* Resources */,
			);
			buildRules = (
			);
			dependencies = (
				668DAA5728BCEE5A0002F288 /* PBXTargetDependency */,
			);
			name = DicodingAppsUITests;
			productName = DicodingAppsUITests;
			productReference = 668DAA5528BCEE5A0002F288 /* DicodingAppsUITests.xctest */;
			productType = "com.apple.product-type.bundle.ui-testing";
		};
/* End PBXNativeTarget section */

/* Begin PBXProject section */
		668DAA2D28BCEE560002F288 /* Project object */ = {
			isa = PBXProject;
			attributes = {
				BuildIndependentTargetsInParallel = 1;
				LastSwiftUpdateCheck = 1340;
				LastUpgradeCheck = 1340;
				TargetAttributes = {
					668DAA3428BCEE560002F288 = {
						CreatedOnToolsVersion = 13.4.1;
					};
					668DAA4A28BCEE5A0002F288 = {
						CreatedOnToolsVersion = 13.4.1;
						TestTargetID = 668DAA3428BCEE560002F288;
					};
					668DAA5428BCEE5A0002F288 = {
						CreatedOnToolsVersion = 13.4.1;
						TestTargetID = 668DAA3428BCEE560002F288;
					};
				};
			};
			buildConfigurationList = 668DAA3028BCEE560002F288 /* Build configuration list for PBXProject "DicodingApps" */;
			compatibilityVersion = "Xcode 13.0";
			developmentRegion = en;
			hasScannedForEncodings = 0;
			knownRegions = (
				en,
				Base,
			);
			mainGroup = 668DAA2C28BCEE560002F288;
			productRefGroup = 668DAA3628BCEE560002F288 /* Products */;
			projectDirPath = "";
			projectRoot = "";
			targets = (
				668DAA3428BCEE560002F288 /* DicodingApps */,
				668DAA4A28BCEE5A0002F288 /* DicodingAppsTests */,
				668DAA5428BCEE5A0002F288 /* DicodingAppsUITests */,
			);
		};
/* End PBXProject section */

/* Begin PBXResourcesBuildPhase section */
		668DAA3328BCEE560002F288 /* Resources */ = {
			isa = PBXResourcesBuildPhase;
			buildActionMask = 2147483647;
			files = (
				668DAA7328BCF1600002F288 /* AcademyTableViewCell.xib in Resources */,
				668DAA4528BCEE5A0002F288 /* LaunchScreen.storyboard in Resources */,
				668DAA4228BCEE5A0002F288 /* Assets.xcassets in Resources */,
				668DAA4028BCEE560002F288 /* Main.storyboard in Resources */,
			);
			runOnlyForDeploymentPostprocessing = 0;
		};
		668DAA4928BCEE5A0002F288 /* Resources */ = {
			isa = PBXResourcesBuildPhase;
			buildActionMask = 2147483647;
			files = (
			);
			runOnlyForDeploymentPostprocessing = 0;
		};
		668DAA5328BCEE5A0002F288 /* Resources */ = {
			isa = PBXResourcesBuildPhase;
			buildActionMask = 2147483647;
			files = (
			);
			runOnlyForDeploymentPostprocessing = 0;
		};
/* End PBXResourcesBuildPhase section */

/* Begin PBXSourcesBuildPhase section */
		668DAA3128BCEE560002F288 /* Sources */ = {
			isa = PBXSourcesBuildPhase;
			buildActionMask = 2147483647;
			files = (
				668DAA3D28BCEE560002F288 /* ViewController.swift in Sources */,
				668DAA3928BCEE560002F288 /* AppDelegate.swift in Sources */,
				668DAA6928BCEF270002F288 /* AcademyModel.swift in Sources */,
				665C5CC828BD33790040C614 /* DetailViewController.swift in Sources */,
				668DAA3B28BCEE560002F288 /* SceneDelegate.swift in Sources */,
				668DAA7228BCF1600002F288 /* AcademyTableViewCell.swift in Sources */,
			);
			runOnlyForDeploymentPostprocessing = 0;
		};
		668DAA4728BCEE5A0002F288 /* Sources */ = {
			isa = PBXSourcesBuildPhase;
			buildActionMask = 2147483647;
			files = (
				668DAA5028BCEE5A0002F288 /* DicodingAppsTests.swift in Sources */,
			);
			runOnlyForDeploymentPostprocessing = 0;
		};
		668DAA5128BCEE5A0002F288 /* Sources */ = {
			isa = PBXSourcesBuildPhase;
			buildActionMask = 2147483647;
			files = (
				668DAA5A28BCEE5A0002F288 /* DicodingAppsUITests.swift in Sources */,
				668DAA5C28BCEE5A0002F288 /* DicodingAppsUITestsLaunchTests.swift in Sources */,
			);
			runOnlyForDeploymentPostprocessing = 0;
		};
/* End PBXSourcesBuildPhase section */

/* Begin PBXTargetDependency section */
		668DAA4D28BCEE5A0002F288 /* PBXTargetDependency */ = {
			isa = PBXTargetDependency;
			target = 668DAA3428BCEE560002F288 /* DicodingApps */;
			targetProxy = 668DAA4C28BCEE5A0002F288 /* PBXContainerItemProxy */;
		};
		668DAA5728BCEE5A0002F288 /* PBXTargetDependency */ = {
			isa = PBXTargetDependency;
			target = 668DAA3428BCEE560002F288 /* DicodingApps */;
			targetProxy = 668DAA5628BCEE5A0002F288 /* PBXContainerItemProxy */;
		};
/* End PBXTargetDependency section */

/* Begin PBXVariantGroup section */
		668DAA3E28BCEE560002F288 /* Main.storyboard */ = {
			isa = PBXVariantGroup;
			children = (
				668DAA3F28BCEE560002F288 /* Base */,
			);
			name = Main.storyboard;
			sourceTree = "<group>";
		};
		668DAA4328BCEE5A0002F288 /* LaunchScreen.storyboard */ = {
			isa = PBXVariantGroup;
			children = (
				668DAA4428BCEE5A0002F288 /* Base */,
			);
			name = LaunchScreen.storyboard;
			sourceTree = "<group>";
		};
/* End PBXVariantGroup section */

/* Begin XCBuildConfiguration section */
		668DAA5D28BCEE5A0002F288 /* Debug */ = {
			isa = XCBuildConfiguration;
			buildSettings = {
				ALWAYS_SEARCH_USER_PATHS = NO;
				CLANG_ANALYZER_NONNULL = YES;
				CLANG_ANALYZER_NUMBER_OBJECT_CONVERSION = YES_AGGRESSIVE;
				CLANG_CXX_LANGUAGE_STANDARD = "gnu++17";
				CLANG_ENABLE_MODULES = YES;
				CLANG_ENABLE_OBJC_ARC = YES;
				CLANG_ENABLE_OBJC_WEAK = YES;
				CLANG_WARN_BLOCK_CAPTURE_AUTORELEASING = YES;
				CLANG_WARN_BOOL_CONVERSION = YES;
				CLANG_WARN_COMMA = YES;
				CLANG_WARN_CONSTANT_CONVERSION = YES;
				CLANG_WARN_DEPRECATED_OBJC_IMPLEMENTATIONS = YES;
				CLANG_WARN_DIRECT_OBJC_ISA_USAGE = YES_ERROR;
				CLANG_WARN_DOCUMENTATION_COMMENTS = YES;
				CLANG_WARN_EMPTY_BODY = YES;
				CLANG_WARN_ENUM_CONVERSION = YES;
				CLANG_WARN_INFINITE_RECURSION = YES;
				CLANG_WARN_INT_CONVERSION = YES;
				CLANG_WARN_NON_LITERAL_NULL_CONVERSION = YES;
				CLANG_WARN_OBJC_IMPLICIT_RETAIN_SELF = YES;
				CLANG_WARN_OBJC_LITERAL_CONVERSION = YES;
				CLANG_WARN_OBJC_ROOT_CLASS = YES_ERROR;
				CLANG_WARN_QUOTED_INCLUDE_IN_FRAMEWORK_HEADER = YES;
				CLANG_WARN_RANGE_LOOP_ANALYSIS = YES;
				CLANG_WARN_STRICT_PROTOTYPES = YES;
				CLANG_WARN_SUSPICIOUS_MOVE = YES;
				CLANG_WARN_UNGUARDED_AVAILABILITY = YES_AGGRESSIVE;
				CLANG_WARN_UNREACHABLE_CODE = YES;
				CLANG_WARN__DUPLICATE_METHOD_MATCH = YES;
				COPY_PHASE_STRIP = NO;
				DEBUG_INFORMATION_FORMAT = dwarf;
				ENABLE_STRICT_OBJC_MSGSEND = YES;
				ENABLE_TESTABILITY = YES;
				GCC_C_LANGUAGE_STANDARD = gnu11;
				GCC_DYNAMIC_NO_PIC = NO;
				GCC_NO_COMMON_BLOCKS = YES;
				GCC_OPTIMIZATION_LEVEL = 0;
				GCC_PREPROCESSOR_DEFINITIONS = (
					"DEBUG=1",
					"$(inherited)",
				);
				GCC_WARN_64_TO_32_BIT_CONVERSION = YES;
				GCC_WARN_ABOUT_RETURN_TYPE = YES_ERROR;
				GCC_WARN_UNDECLARED_SELECTOR = YES;
				GCC_WARN_UNINITIALIZED_AUTOS = YES_AGGRESSIVE;
				GCC_WARN_UNUSED_FUNCTION = YES;
				GCC_WARN_UNUSED_VARIABLE = YES;
				IPHONEOS_DEPLOYMENT_TARGET = 15.5;
				MTL_ENABLE_DEBUG_INFO = INCLUDE_SOURCE;
				MTL_FAST_MATH = YES;
				ONLY_ACTIVE_ARCH = YES;
				SDKROOT = iphoneos;
				SWIFT_ACTIVE_COMPILATION_CONDITIONS = DEBUG;
				SWIFT_OPTIMIZATION_LEVEL = "-Onone";
			};
			name = Debug;
		};
		668DAA5E28BCEE5A0002F288 /* Release */ = {
			isa = XCBuildConfiguration;
			buildSettings = {
				ALWAYS_SEARCH_USER_PATHS = NO;
				CLANG_ANALYZER_NONNULL = YES;
				CLANG_ANALYZER_NUMBER_OBJECT_CONVERSION = YES_AGGRESSIVE;
				CLANG_CXX_LANGUAGE_STANDARD = "gnu++17";
				CLANG_ENABLE_MODULES = YES;
				CLANG_ENABLE_OBJC_ARC = YES;
				CLANG_ENABLE_OBJC_WEAK = YES;
				CLANG_WARN_BLOCK_CAPTURE_AUTORELEASING = YES;
				CLANG_WARN_BOOL_CONVERSION = YES;
				CLANG_WARN_COMMA = YES;
				CLANG_WARN_CONSTANT_CONVERSION = YES;
				CLANG_WARN_DEPRECATED_OBJC_IMPLEMENTATIONS = YES;
				CLANG_WARN_DIRECT_OBJC_ISA_USAGE = YES_ERROR;
				CLANG_WARN_DOCUMENTATION_COMMENTS = YES;
				CLANG_WARN_EMPTY_BODY = YES;
				CLANG_WARN_ENUM_CONVERSION = YES;
				CLANG_WARN_INFINITE_RECURSION = YES;
				CLANG_WARN_INT_CONVERSION = YES;
				CLANG_WARN_NON_LITERAL_NULL_CONVERSION = YES;
				CLANG_WARN_OBJC_IMPLICIT_RETAIN_SELF = YES;
				CLANG_WARN_OBJC_LITERAL_CONVERSION = YES;
				CLANG_WARN_OBJC_ROOT_CLASS = YES_ERROR;
				CLANG_WARN_QUOTED_INCLUDE_IN_FRAMEWORK_HEADER = YES;
				CLANG_WARN_RANGE_LOOP_ANALYSIS = YES;
				CLANG_WARN_STRICT_PROTOTYPES = YES;
				CLANG_WARN_SUSPICIOUS_MOVE = YES;
				CLANG_WARN_UNGUARDED_AVAILABILITY = YES_AGGRESSIVE;
				CLANG_WARN_UNREACHABLE_CODE = YES;
				CLANG_WARN__DUPLICATE_METHOD_MATCH = YES;
				COPY_PHASE_STRIP = NO;
				DEBUG_INFORMATION_FORMAT = "dwarf-with-dsym";
				ENABLE_NS_ASSERTIONS = NO;
				ENABLE_STRICT_OBJC_MSGSEND = YES;
				GCC_C_LANGUAGE_STANDARD = gnu11;
				GCC_NO_COMMON_BLOCKS = YES;
				GCC_WARN_64_TO_32_BIT_CONVERSION = YES;
				GCC_WARN_ABOUT_RETURN_TYPE = YES_ERROR;
				GCC_WARN_UNDECLARED_SELECTOR = YES;
				GCC_WARN_UNINITIALIZED_AUTOS = YES_AGGRESSIVE;
				GCC_WARN_UNUSED_FUNCTION = YES;
				GCC_WARN_UNUSED_VARIABLE = YES;
				IPHONEOS_DEPLOYMENT_TARGET = 15.5;
				MTL_ENABLE_DEBUG_INFO = NO;
				MTL_FAST_MATH = YES;
				SDKROOT = iphoneos;
				SWIFT_COMPILATION_MODE = wholemodule;
				SWIFT_OPTIMIZATION_LEVEL = "-O";
				VALIDATE_PRODUCT = YES;
			};
			name = Release;
		};
		668DAA6028BCEE5A0002F288 /* Debug */ = {
			isa = XCBuildConfiguration;
			buildSettings = {
				ASSETCATALOG_COMPILER_APPICON_NAME = AppIcon;
				ASSETCATALOG_COMPILER_GLOBAL_ACCENT_COLOR_NAME = AccentColor;
				CODE_SIGN_STYLE = Automatic;
				CURRENT_PROJECT_VERSION = 1;
				DEVELOPMENT_TEAM = 4C39QYYJLQ;
				GENERATE_INFOPLIST_FILE = YES;
				INFOPLIST_FILE = DicodingApps/Info.plist;
				INFOPLIST_KEY_UIApplicationSupportsIndirectInputEvents = YES;
				INFOPLIST_KEY_UILaunchStoryboardName = LaunchScreen;
				INFOPLIST_KEY_UIMainStoryboardFile = Main;
				INFOPLIST_KEY_UISupportedInterfaceOrientations_iPad = "UIInterfaceOrientationPortrait UIInterfaceOrientationPortraitUpsideDown UIInterfaceOrientationLandscapeLeft UIInterfaceOrientationLandscapeRight";
				INFOPLIST_KEY_UISupportedInterfaceOrientations_iPhone = "UIInterfaceOrientationPortrait UIInterfaceOrientationLandscapeLeft UIInterfaceOrientationLandscapeRight";
				LD_RUNPATH_SEARCH_PATHS = (
					"$(inherited)",
					"@executable_path/Frameworks",
				);
				MARKETING_VERSION = 1.0;
				PRODUCT_BUNDLE_IDENTIFIER = com.dicoding.academy.DicodingApps;
				PRODUCT_NAME = "$(TARGET_NAME)";
				SWIFT_EMIT_LOC_STRINGS = YES;
				SWIFT_VERSION = 5.0;
				TARGETED_DEVICE_FAMILY = "1,2";
			};
			name = Debug;
		};
		668DAA6128BCEE5A0002F288 /* Release */ = {
			isa = XCBuildConfiguration;
			buildSettings = {
				ASSETCATALOG_COMPILER_APPICON_NAME = AppIcon;
				ASSETCATALOG_COMPILER_GLOBAL_ACCENT_COLOR_NAME = AccentColor;
				CODE_SIGN_STYLE = Automatic;
				CURRENT_PROJECT_VERSION = 1;
				DEVELOPMENT_TEAM = 4C39QYYJLQ;
				GENERATE_INFOPLIST_FILE = YES;
				INFOPLIST_FILE = DicodingApps/Info.plist;
				INFOPLIST_KEY_UIApplicationSupportsIndirectInputEvents = YES;
				INFOPLIST_KEY_UILaunchStoryboardName = LaunchScreen;
				INFOPLIST_KEY_UIMainStoryboardFile = Main;
				INFOPLIST_KEY_UISupportedInterfaceOrientations_iPad = "UIInterfaceOrientationPortrait UIInterfaceOrientationPortraitUpsideDown UIInterfaceOrientationLandscapeLeft UIInterfaceOrientationLandscapeRight";
				INFOPLIST_KEY_UISupportedInterfaceOrientations_iPhone = "UIInterfaceOrientationPortrait UIInterfaceOrientationLandscapeLeft UIInterfaceOrientationLandscapeRight";
				LD_RUNPATH_SEARCH_PATHS = (
					"$(inherited)",
					"@executable_path/Frameworks",
				);
				MARKETING_VERSION = 1.0;
				PRODUCT_BUNDLE_IDENTIFIER = com.dicoding.academy.DicodingApps;
				PRODUCT_NAME = "$(TARGET_NAME)";
				SWIFT_EMIT_LOC_STRINGS = YES;
				SWIFT_VERSION = 5.0;
				TARGETED_DEVICE_FAMILY = "1,2";
			};
			name = Release;
		};
		668DAA6328BCEE5A0002F288 /* Debug */ = {
			isa = XCBuildConfiguration;
			buildSettings = {
				ALWAYS_EMBED_SWIFT_STANDARD_LIBRARIES = YES;
				BUNDLE_LOADER = "$(TEST_HOST)";
				CODE_SIGN_STYLE = Automatic;
				CURRENT_PROJECT_VERSION = 1;
				DEVELOPMENT_TEAM = 4C39QYYJLQ;
				GENERATE_INFOPLIST_FILE = YES;
				IPHONEOS_DEPLOYMENT_TARGET = 15.5;
				MARKETING_VERSION = 1.0;
				PRODUCT_BUNDLE_IDENTIFIER = com.dicoding.academy.DicodingAppsTests;
				PRODUCT_NAME = "$(TARGET_NAME)";
				SWIFT_EMIT_LOC_STRINGS = NO;
				SWIFT_VERSION = 5.0;
				TARGETED_DEVICE_FAMILY = "1,2";
				TEST_HOST = "$(BUILT_PRODUCTS_DIR)/DicodingApps.app/DicodingApps";
			};
			name = Debug;
		};
		668DAA6428BCEE5A0002F288 /* Release */ = {
			isa = XCBuildConfiguration;
			buildSettings = {
				ALWAYS_EMBED_SWIFT_STANDARD_LIBRARIES = YES;
				BUNDLE_LOADER = "$(TEST_HOST)";
				CODE_SIGN_STYLE = Automatic;
				CURRENT_PROJECT_VERSION = 1;
				DEVELOPMENT_TEAM = 4C39QYYJLQ;
				GENERATE_INFOPLIST_FILE = YES;
				IPHONEOS_DEPLOYMENT_TARGET = 15.5;
				MARKETING_VERSION = 1.0;
				PRODUCT_BUNDLE_IDENTIFIER = com.dicoding.academy.DicodingAppsTests;
				PRODUCT_NAME = "$(TARGET_NAME)";
				SWIFT_EMIT_LOC_STRINGS = NO;
				SWIFT_VERSION = 5.0;
				TARGETED_DEVICE_FAMILY = "1,2";
				TEST_HOST = "$(BUILT_PRODUCTS_DIR)/DicodingApps.app/DicodingApps";
			};
			name = Release;
		};
		668DAA6628BCEE5A0002F288 /* Debug */ = {
			isa = XCBuildConfiguration;
			buildSettings = {
				ALWAYS_EMBED_SWIFT_STANDARD_LIBRARIES = YES;
				CODE_SIGN_STYLE = Automatic;
				CURRENT_PROJECT_VERSION = 1;
				DEVELOPMENT_TEAM = 4C39QYYJLQ;
				GENERATE_INFOPLIST_FILE = YES;
				MARKETING_VERSION = 1.0;
				PRODUCT_BUNDLE_IDENTIFIER = com.dicoding.academy.DicodingAppsUITests;
				PRODUCT_NAME = "$(TARGET_NAME)";
				SWIFT_EMIT_LOC_STRINGS = NO;
				SWIFT_VERSION = 5.0;
				TARGETED_DEVICE_FAMILY = "1,2";
				TEST_TARGET_NAME = DicodingApps;
			};
			name = Debug;
		};
		668DAA6728BCEE5A0002F288 /* Release */ = {
			isa = XCBuildConfiguration;
			buildSettings = {
				ALWAYS_EMBED_SWIFT_STANDARD_LIBRARIES = YES;
				CODE_SIGN_STYLE = Automatic;
				CURRENT_PROJECT_VERSION = 1;
				DEVELOPMENT_TEAM = 4C39QYYJLQ;
				GENERATE_INFOPLIST_FILE = YES;
				MARKETING_VERSION = 1.0;
				PRODUCT_BUNDLE_IDENTIFIER = com.dicoding.academy.DicodingAppsUITests;
				PRODUCT_NAME = "$(TARGET_NAME)";
				SWIFT_EMIT_LOC_STRINGS = NO;
				SWIFT_VERSION = 5.0;
				TARGETED_DEVICE_FAMILY = "1,2";
				TEST_TARGET_NAME = DicodingApps;
			};
			name = Release;
		};
/* End XCBuildConfiguration section */

/* Begin XCConfigurationList section */
		668DAA3028BCEE560002F288 /* Build configuration list for PBXProject "DicodingApps" */ = {
			isa = XCConfigurationList;
			buildConfigurations = (
				668DAA5D28BCEE5A0002F288 /* Debug */,
				668DAA5E28BCEE5A0002F288 /* Release */,
			);
			defaultConfigurationIsVisible = 0;
			defaultConfigurationName = Release;
		};
		668DAA5F28BCEE5A0002F288 /* Build configuration list for PBXNativeTarget "DicodingApps" */ = {
			isa = XCConfigurationList;
			buildConfigurations = (
				668DAA6028BCEE5A0002F288 /* Debug */,
				668DAA6128BCEE5A0002F288 /* Release */,
			);
			defaultConfigurationIsVisible = 0;
			defaultConfigurationName = Release;
		};
		668DAA6228BCEE5A0002F288 /* Build configuration list for PBXNativeTarget "DicodingAppsTests" */ = {
			isa = XCConfigurationList;
			buildConfigurations = (
				668DAA6328BCEE5A0002F288 /* Debug */,
				668DAA6428BCEE5A0002F288 /* Release */,
			);
			defaultConfigurationIsVisible = 0;
			defaultConfigurationName = Release;
		};
		668DAA6528BCEE5A0002F288 /* Build configuration list for PBXNativeTarget "DicodingAppsUITests" */ = {
			isa = XCConfigurationList;
			buildConfigurations = (
				668DAA6628BCEE5A0002F288 /* Debug */,
				668DAA6728BCEE5A0002F288 /* Release */,
			);
			defaultConfigurationIsVisible = 0;
			defaultConfigurationName = Release;
		};
/* End XCConfigurationList section */
	};
	rootObject = 668DAA2D28BCEE560002F288 /* Project object */;
}
